
Microsoft Visual Studio Solution File, Format Version 12.00
# Visual Studio Version 17
VisualStudioVersion = 17.4.33122.133
MinimumVisualStudioVersion = 10.0.40219.1
Project("{9A19103F-16F7-4668-BE54-9A1E7A4F7556}") = "MassTransitDemo.Common", "MassTransitDemo.Common\MassTransitDemo.Common.csproj", "{1DE8E7C2-654F-4AF7-B13C-99F0A46EEC25}"
EndProject
Project("{9A19103F-16F7-4668-BE54-9A1E7A4F7556}") = "MassTransitDemo.Consumer", "MassTransitDemo.Consumer\MassTransitDemo.Consumer.csproj", "{295A21EF-E214-4087-A560-F88CA88C9AF5}"
EndProject
Project("{9A19103F-16F7-4668-BE54-9A1E7A4F7556}") = "MassTransitDemo.Publisher", "MassTransitDemo.Publisher\MassTransitDemo.Publisher.csproj", "{1128F0DE-A47D-4B68-B87F-57171583F0B6}"
EndProject
Global
	GlobalSection(SolutionConfigurationPlatforms) = preSolution
		Debug|Any CPU = Debug|Any CPU
		Release|Any CPU = Release|Any CPU
	EndGlobalSection
	GlobalSection(ProjectConfigurationPlatforms) = postSolution
		{1DE8E7C2-654F-4AF7-B13C-99F0A46EEC25}.Debug|Any CPU.ActiveCfg = Debug|Any CPU
		{1DE8E7C2-654F-4AF7-B13C-99F0A46EEC25}.Debug|Any CPU.Build.0 = Debug|Any CPU
		{1DE8E7C2-654F-4AF7-B13C-99F0A46EEC25}.Release|Any CPU.ActiveCfg = Release|Any CPU
		{1DE8E7C2-654F-4AF7-B13C-99F0A46EEC25}.Release|Any CPU.Build.0 = Release|Any CPU
		{295A21EF-E214-4087-A560-F88CA88C9AF5}.Debug|Any CPU.ActiveCfg = Debug|Any CPU
		{295A21EF-E214-4087-A560-F88CA88C9AF5}.Debug|Any CPU.Build.0 = Debug|Any CPU
		{295A21EF-E214-4087-A560-F88CA88C9AF5}.Release|Any CPU.ActiveCfg = Release|Any CPU
		{295A21EF-E214-4087-A560-F88CA88C9AF5}.Release|Any CPU.Build.0 = Release|Any CPU
		{1128F0DE-A47D-4B68-B87F-57171583F0B6}.Debug|Any CPU.ActiveCfg = Debug|Any CPU
		{1128F0DE-A47D-4B68-B87F-57171583F0B6}.Debug|Any CPU.Build.0 = Debug|Any CPU
		{1128F0DE-A47D-4B68-B87F-57171583F0B6}.Release|Any CPU.ActiveCfg = Release|Any CPU
		{1128F0DE-A47D-4B68-B87F-57171583F0B6}.Release|Any CPU.Build.0 = Release|Any CPU
	EndGlobalSection
	GlobalSection(SolutionProperties) = preSolution
		HideSolutionNode = FALSE
	EndGlobalSection
	GlobalSection(ExtensibilityGlobals) = postSolution
		SolutionGuid = {235F076E-5D58-4C07-891E-9FBE94CA26BC}
	EndGlobalSection
EndGlobal
